
Microsoft Visual Studio Solution File, Format Version 12.00
# Visual Studio Version 17
VisualStudioVersion = 17.7.34031.279
MinimumVisualStudioVersion = 10.0.40219.1
Project("{FAE04EC0-301F-11D3-BF4B-00C04F79EFBC}") = "ShootingGame", "ShootingGame\ShootingGame.csproj", "{6208F1F0-A671-4D59-AF95-DB0776ED7BB9}"
EndProject
Project("{FAE04EC0-301F-11D3-BF4B-00C04F79EFBC}") = "Core", "Core\Core.csproj", "{AF8EAC69-7165-4595-8105-27C54154EFCB}"
EndProject
Global
	GlobalSection(SolutionConfigurationPlatforms) = preSolution
		Debug|Any CPU = Debug|Any CPU
		Release|Any CPU = Release|Any CPU
	EndGlobalSection
	GlobalSection(ProjectConfigurationPlatforms) = postSolution
		{6208F1F0-A671-4D59-AF95-DB0776ED7BB9}.Debug|Any CPU.ActiveCfg = Debug|Any CPU
		{6208F1F0-A671-4D59-AF95-DB0776ED7BB9}.Debug|Any CPU.Build.0 = Debug|Any CPU
		{6208F1F0-A671-4D59-AF95-DB0776ED7BB9}.Release|Any CPU.ActiveCfg = Release|Any CPU
		{6208F1F0-A671-4D59-AF95-DB0776ED7BB9}.Release|Any CPU.Build.0 = Release|Any CPU
		{AF8EAC69-7165-4595-8105-27C54154EFCB}.Debug|Any CPU.ActiveCfg = Debug|Any CPU
		{AF8EAC69-7165-4595-8105-27C54154EFCB}.Debug|Any CPU.Build.0 = Debug|Any CPU
		{AF8EAC69-7165-4595-8105-27C54154EFCB}.Release|Any CPU.ActiveCfg = Release|Any CPU
		{AF8EAC69-7165-4595-8105-27C54154EFCB}.Release|Any CPU.Build.0 = Release|Any CPU
	EndGlobalSection
	GlobalSection(SolutionProperties) = preSolution
		HideSolutionNode = FALSE
	EndGlobalSection
	GlobalSection(ExtensibilityGlobals) = postSolution
		SolutionGuid = {74A8B39A-9F57-44F3-A1A9-F236E479F40B}
	EndGlobalSection
EndGlobal
